// !$*UTF8*$!
{
	archiveVersion = 1;
	classes = {
	};
	objectVersion = 50;
	objects = {

/* Begin PBXBuildFile section */
		287E07BD2267F1ED004745EE /* AppDelegate.swift in Sources */ = {isa = PBXBuildFile; fileRef = 287E07BC2267F1ED004745EE /* AppDelegate.swift */; };
		287E07BF2267F1ED004745EE /* ViewController.swift in Sources */ = {isa = PBXBuildFile; fileRef = 287E07BE2267F1ED004745EE /* ViewController.swift */; };
		287E07C22267F1ED004745EE /* Main.storyboard in Resources */ = {isa = PBXBuildFile; fileRef = 287E07C02267F1ED004745EE /* Main.storyboard */; };
		287E07C52267F1ED004745EE /* Tomodachi.xcdatamodeld in Sources */ = {isa = PBXBuildFile; fileRef = 287E07C32267F1ED004745EE /* Tomodachi.xcdatamodeld */; };
		287E07C72267F1EE004745EE /* Assets.xcassets in Resources */ = {isa = PBXBuildFile; fileRef = 287E07C62267F1EE004745EE /* Assets.xcassets */; };
		287E07CA2267F1EE004745EE /* LaunchScreen.storyboard in Resources */ = {isa = PBXBuildFile; fileRef = 287E07C82267F1EE004745EE /* LaunchScreen.storyboard */; };
/* End PBXBuildFile section */

/* Begin PBXFileReference section */
		287E07B92267F1ED004745EE /* Tomodachi.app */ = {isa = PBXFileReference; explicitFileType = wrapper.application; includeInIndex = 0; path = Tomodachi.app; sourceTree = BUILT_PRODUCTS_DIR; };
		287E07BC2267F1ED004745EE /* AppDelegate.swift */ = {isa = PBXFileReference; lastKnownFileType = sourcecode.swift; path = AppDelegate.swift; sourceTree = "<group>"; };
		287E07BE2267F1ED004745EE /* ViewController.swift */ = {isa = PBXFileReference; lastKnownFileType = sourcecode.swift; path = ViewController.swift; sourceTree = "<group>"; };
		287E07C12267F1ED004745EE /* Base */ = {isa = PBXFileReference; lastKnownFileType = file.storyboard; name = Base; path = Base.lproj/Main.storyboard; sourceTree = "<group>"; };
		287E07C42267F1ED004745EE /* Tomodachi.xcdatamodel */ = {isa = PBXFileReference; lastKnownFileType = wrapper.xcdatamodel; path = Tomodachi.xcdatamodel; sourceTree = "<group>"; };
		287E07C62267F1EE004745EE /* Assets.xcassets */ = {isa = PBXFileReference; lastKnownFileType = folder.assetcatalog; path = Assets.xcassets; sourceTree = "<group>"; };
		287E07C92267F1EE004745EE /* Base */ = {isa = PBXFileReference; lastKnownFileType = file.storyboard; name = Base; path = Base.lproj/LaunchScreen.storyboard; sourceTree = "<group>"; };
		287E07CB2267F1EE004745EE /* Info.plist */ = {isa = PBXFileReference; lastKnownFileType = text.plist.xml; path = Info.plist; sourceTree = "<group>"; };
/* End PBXFileReference section */

/* Begin PBXFrameworksBuildPhase section */
		287E07B62267F1ED004745EE /* Frameworks */ = {
			isa = PBXFrameworksBuildPhase;
			buildActionMask = 2147483647;
			files = (
			);
			runOnlyForDeploymentPostprocessing = 0;
		};
/* End PBXFrameworksBuildPhase section */

/* Begin PBXGroup section */
		287E07B02267F1ED004745EE = {
			isa = PBXGroup;
			children = (
				287E07BB2267F1ED004745EE /* Tomodachi */,
				287E07BA2267F1ED004745EE /* Products */,
			);
			sourceTree = "<group>";
		};
		287E07BA2267F1ED004745EE /* Products */ = {
			isa = PBXGroup;
			children = (
				287E07B92267F1ED004745EE /* Tomodachi.app */,
			);
			name = Products;
			sourceTree = "<group>";
		};
		287E07BB2267F1ED004745EE /* Tomodachi */ = {
			isa = PBXGroup;
			children = (
				287E07BC2267F1ED004745EE /* AppDelegate.swift */,
				287E07BE2267F1ED004745EE /* ViewController.swift */,
				287E07C02267F1ED004745EE /* Main.storyboard */,
				287E07C62267F1EE004745EE /* Assets.xcassets */,
				287E07C82267F1EE004745EE /* LaunchScreen.storyboard */,
				287E07CB2267F1EE004745EE /* Info.plist */,
				287E07C32267F1ED004745EE /* Tomodachi.xcdatamodeld */,
			);
			path = Tomodachi;
			sourceTree = "<group>";
		};
/* End PBXGroup section */

/* Begin PBXNativeTarget section */
		287E07B82267F1ED004745EE /* Tomodachi */ = {
			isa = PBXNativeTarget;
			buildConfigurationList = 287E07CE2267F1EE004745EE /* Build configuration list for PBXNativeTarget "Tomodachi" */;
			buildPhases = (
				287E07B52267F1ED004745EE /* Sources */,
				287E07B62267F1ED004745EE /* Frameworks */,
				287E07B72267F1ED004745EE /* Resources */,
			);
			buildRules = (
			);
			dependencies = (
			);
			name = Tomodachi;
			productName = Tomodachi;
			productReference = 287E07B92267F1ED004745EE /* Tomodachi.app */;
			productType = "com.apple.product-type.application";
		};
/* End PBXNativeTarget section */

/* Begin PBXProject section */
		287E07B12267F1ED004745EE /* Project object */ = {
			isa = PBXProject;
			attributes = {
				LastSwiftUpdateCheck = 1010;
				LastUpgradeCheck = 1010;
				ORGANIZATIONNAME = "Danh Phu Nguyen";
				TargetAttributes = {
					287E07B82267F1ED004745EE = {
						CreatedOnToolsVersion = 10.1;
					};
				};
			};
			buildConfigurationList = 287E07B42267F1ED004745EE /* Build configuration list for PBXProject "Tomodachi" */;
			compatibilityVersion = "Xcode 9.3";
			developmentRegion = en;
			hasScannedForEncodings = 0;
			knownRegions = (
				en,
				Base,
			);
			mainGroup = 287E07B02267F1ED004745EE;
			productRefGroup = 287E07BA2267F1ED004745EE /* Products */;
			projectDirPath = "";
			projectRoot = "";
			targets = (
				287E07B82267F1ED004745EE /* Tomodachi */,
			);
		};
/* End PBXProject section */

/* Begin PBXResourcesBuildPhase section */
		287E07B72267F1ED004745EE /* Resources */ = {
			isa = PBXResourcesBuildPhase;
			buildActionMask = 2147483647;
			files = (
				287E07CA2267F1EE004745EE /* LaunchScreen.storyboard in Resources */,
				287E07C72267F1EE004745EE /* Assets.xcassets in Resources */,
				287E07C22267F1ED004745EE /* Main.storyboard in Resources */,
			);
			runOnlyForDeploymentPostprocessing = 0;
		};
/* End PBXResourcesBuildPhase section */

/* Begin PBXSourcesBuildPhase section */
		287E07B52267F1ED004745EE /* Sources */ = {
			isa = PBXSourcesBuildPhase;
			buildActionMask = 2147483647;
			files = (
				287E07BF2267F1ED004745EE /* ViewController.swift in Sources */,
				287E07C52267F1ED004745EE /* Tomodachi.xcdatamodeld in Sources */,
				287E07BD2267F1ED004745EE /* AppDelegate.swift in Sources */,
			);
			runOnlyForDeploymentPostprocessing = 0;
		};
/* End PBXSourcesBuildPhase section */

/* Begin PBXVariantGroup section */
		287E07C02267F1ED004745EE /* Main.storyboard */ = {
			isa = PBXVariantGroup;
			children = (
				287E07C12267F1ED004745EE /* Base */,
			);
			name = Main.storyboard;
			sourceTree = "<group>";
		};
		287E07C82267F1EE004745EE /* LaunchScreen.storyboard */ = {
			isa = PBXVariantGroup;
			children = (
				287E07C92267F1EE004745EE /* Base */,
			);
			name = LaunchScreen.storyboard;
			sourceTree = "<group>";
		};
/* End PBXVariantGroup section */

/* Begin XCBuildConfiguration section */
		287E07CC2267F1EE004745EE /* Debug */ = {
			isa = XCBuildConfiguration;
			buildSettings = {
				ALWAYS_SEARCH_USER_PATHS = NO;
				CLANG_ANALYZER_NONNULL = YES;
				CLANG_ANALYZER_NUMBER_OBJECT_CONVERSION = YES_AGGRESSIVE;
				CLANG_CXX_LANGUAGE_STANDARD = "gnu++14";
				CLANG_CXX_LIBRARY = "libc++";
				CLANG_ENABLE_MODULES = YES;
				CLANG_ENABLE_OBJC_ARC = YES;
				CLANG_ENABLE_OBJC_WEAK = YES;
				CLANG_WARN_BLOCK_CAPTURE_AUTORELEASING = YES;
				CLANG_WARN_BOOL_CONVERSION = YES;
				CLANG_WARN_COMMA = YES;
				CLANG_WARN_CONSTANT_CONVERSION = YES;
				CLANG_WARN_DEPRECATED_OBJC_IMPLEMENTATIONS = YES;
				CLANG_WARN_DIRECT_OBJC_ISA_USAGE = YES_ERROR;
				CLANG_WARN_DOCUMENTATION_COMMENTS = YES;
				CLANG_WARN_EMPTY_BODY = YES;
				CLANG_WARN_ENUM_CONVERSION = YES;
				CLANG_WARN_INFINITE_RECURSION = YES;
				CLANG_WARN_INT_CONVERSION = YES;
				CLANG_WARN_NON_LITERAL_NULL_CONVERSION = YES;
				CLANG_WARN_OBJC_IMPLICIT_RETAIN_SELF = YES;
				CLANG_WARN_OBJC_LITERAL_CONVERSION = YES;
				CLANG_WARN_OBJC_ROOT_CLASS = YES_ERROR;
				CLANG_WARN_RANGE_LOOP_ANALYSIS = YES;
				CLANG_WARN_STRICT_PROTOTYPES = YES;
				CLANG_WARN_SUSPICIOUS_MOVE = YES;
				CLANG_WARN_UNGUARDED_AVAILABILITY = YES_AGGRESSIVE;
				CLANG_WARN_UNREACHABLE_CODE = YES;
				CLANG_WARN__DUPLICATE_METHOD_MATCH = YES;
				CODE_SIGN_IDENTITY = "iPhone Developer";
				COPY_PHASE_STRIP = NO;
				DEBUG_INFORMATION_FORMAT = dwarf;
				ENABLE_STRICT_OBJC_MSGSEND = YES;
				ENABLE_TESTABILITY = YES;
				GCC_C_LANGUAGE_STANDARD = gnu11;
				GCC_DYNAMIC_NO_PIC = NO;
				GCC_NO_COMMON_BLOCKS = YES;
				GCC_OPTIMIZATION_LEVEL = 0;
				GCC_PREPROCESSOR_DEFINITIONS = (
					"DEBUG=1",
					"$(inherited)",
				);
				GCC_WARN_64_TO_32_BIT_CONVERSION = YES;
				GCC_WARN_ABOUT_RETURN_TYPE = YES_ERROR;
				GCC_WARN_UNDECLARED_SELECTOR = YES;
				GCC_WARN_UNINITIALIZED_AUTOS = YES_AGGRESSIVE;
				GCC_WARN_UNUSED_FUNCTION = YES;
				GCC_WARN_UNUSED_VARIABLE = YES;
				IPHONEOS_DEPLOYMENT_TARGET = 12.1;
				MTL_ENABLE_DEBUG_INFO = INCLUDE_SOURCE;
				MTL_FAST_MATH = YES;
				ONLY_ACTIVE_ARCH = YES;
				SDKROOT = iphoneos;
				SWIFT_ACTIVE_COMPILATION_CONDITIONS = DEBUG;
				SWIFT_OPTIMIZATION_LEVEL = "-Onone";
			};
			name = Debug;
		};
		287E07CD2267F1EE004745EE /* Release */ = {
			isa = XCBuildConfiguration;
			buildSettings = {
				ALWAYS_SEARCH_USER_PATHS = NO;
				CLANG_ANALYZER_NONNULL = YES;
				CLANG_ANALYZER_NUMBER_OBJECT_CONVERSION = YES_AGGRESSIVE;
				CLANG_CXX_LANGUAGE_STANDARD = "gnu++14";
				CLANG_CXX_LIBRARY = "libc++";
				CLANG_ENABLE_MODULES = YES;
				CLANG_ENABLE_OBJC_ARC = YES;
				CLANG_ENABLE_OBJC_WEAK = YES;
				CLANG_WARN_BLOCK_CAPTURE_AUTORELEASING = YES;
				CLANG_WARN_BOOL_CONVERSION = YES;
				CLANG_WARN_COMMA = YES;
				CLANG_WARN_CONSTANT_CONVERSION = YES;
				CLANG_WARN_DEPRECATED_OBJC_IMPLEMENTATIONS = YES;
				CLANG_WARN_DIRECT_OBJC_ISA_USAGE = YES_ERROR;
				CLANG_WARN_DOCUMENTATION_COMMENTS = YES;
				CLANG_WARN_EMPTY_BODY = YES;
				CLANG_WARN_ENUM_CONVERSION = YES;
				CLANG_WARN_INFINITE_RECURSION = YES;
				CLANG_WARN_INT_CONVERSION = YES;
				CLANG_WARN_NON_LITERAL_NULL_CONVERSION = YES;
				CLANG_WARN_OBJC_IMPLICIT_RETAIN_SELF = YES;
				CLANG_WARN_OBJC_LITERAL_CONVERSION = YES;
				CLANG_WARN_OBJC_ROOT_CLASS = YES_ERROR;
				CLANG_WARN_RANGE_LOOP_ANALYSIS = YES;
				CLANG_WARN_STRICT_PROTOTYPES = YES;
				CLANG_WARN_SUSPICIOUS_MOVE = YES;
				CLANG_WARN_UNGUARDED_AVAILABILITY = YES_AGGRESSIVE;
				CLANG_WARN_UNREACHABLE_CODE = YES;
				CLANG_WARN__DUPLICATE_METHOD_MATCH = YES;
				CODE_SIGN_IDENTITY = "iPhone Developer";
				COPY_PHASE_STRIP = NO;
				DEBUG_INFORMATION_FORMAT = "dwarf-with-dsym";
				ENABLE_NS_ASSERTIONS = NO;
				ENABLE_STRICT_OBJC_MSGSEND = YES;
				GCC_C_LANGUAGE_STANDARD = gnu11;
				GCC_NO_COMMON_BLOCKS = YES;
				GCC_WARN_64_TO_32_BIT_CONVERSION = YES;
				GCC_WARN_ABOUT_RETURN_TYPE = YES_ERROR;
				GCC_WARN_UNDECLARED_SELECTOR = YES;
				GCC_WARN_UNINITIALIZED_AUTOS = YES_AGGRESSIVE;
				GCC_WARN_UNUSED_FUNCTION = YES;
				GCC_WARN_UNUSED_VARIABLE = YES;
				IPHONEOS_DEPLOYMENT_TARGET = 12.1;
				MTL_ENABLE_DEBUG_INFO = NO;
				MTL_FAST_MATH = YES;
				SDKROOT = iphoneos;
				SWIFT_COMPILATION_MODE = wholemodule;
				SWIFT_OPTIMIZATION_LEVEL = "-O";
				VALIDATE_PRODUCT = YES;
			};
			name = Release;
		};
		287E07CF2267F1EE004745EE /* Debug */ = {
			isa = XCBuildConfiguration;
			buildSettings = {
				ASSETCATALOG_COMPILER_APPICON_NAME = AppIcon;
				CODE_SIGN_STYLE = Automatic;
				DEVELOPMENT_TEAM = FBPU586293;
				INFOPLIST_FILE = Tomodachi/Info.plist;
				LD_RUNPATH_SEARCH_PATHS = (
					"$(inherited)",
					"@executable_path/Frameworks",
				);
				PRODUCT_BUNDLE_IDENTIFIER = com.RyanNguyen.Tomodachi;
				PRODUCT_NAME = "$(TARGET_NAME)";
				SWIFT_VERSION = 4.2;
				TARGETED_DEVICE_FAMILY = "1,2";
			};
			name = Debug;
		};
		287E07D02267F1EE004745EE /* Release */ = {
			isa = XCBuildConfiguration;
			buildSettings = {
				ASSETCATALOG_COMPILER_APPICON_NAME = AppIcon;
				CODE_SIGN_STYLE = Automatic;
				DEVELOPMENT_TEAM = FBPU586293;
				INFOPLIST_FILE = Tomodachi/Info.plist;
				LD_RUNPATH_SEARCH_PATHS = (
					"$(inherited)",
					"@executable_path/Frameworks",
				);
				PRODUCT_BUNDLE_IDENTIFIER = com.RyanNguyen.Tomodachi;
				PRODUCT_NAME = "$(TARGET_NAME)";
				SWIFT_VERSION = 4.2;
				TARGETED_DEVICE_FAMILY = "1,2";
			};
			name = Release;
		};
/* End XCBuildConfiguration section */

/* Begin XCConfigurationList section */
		287E07B42267F1ED004745EE /* Build configuration list for PBXProject "Tomodachi" */ = {
			isa = XCConfigurationList;
			buildConfigurations = (
				287E07CC2267F1EE004745EE /* Debug */,
				287E07CD2267F1EE004745EE /* Release */,
			);
			defaultConfigurationIsVisible = 0;
			defaultConfigurationName = Release;
		};
		287E07CE2267F1EE004745EE /* Build configuration list for PBXNativeTarget "Tomodachi" */ = {
			isa = XCConfigurationList;
			buildConfigurations = (
				287E07CF2267F1EE004745EE /* Debug */,
				287E07D02267F1EE004745EE /* Release */,
			);
			defaultConfigurationIsVisible = 0;
			defaultConfigurationName = Release;
		};
/* End XCConfigurationList section */

/* Begin XCVersionGroup section */
		287E07C32267F1ED004745EE /* Tomodachi.xcdatamodeld */ = {
			isa = XCVersionGroup;
			children = (
				287E07C42267F1ED004745EE /* Tomodachi.xcdatamodel */,
			);
			currentVersion = 287E07C42267F1ED004745EE /* Tomodachi.xcdatamodel */;
			path = Tomodachi.xcdatamodeld;
			sourceTree = "<group>";
			versionGroupType = wrapper.xcdatamodel;
		};
/* End XCVersionGroup section */
	};
	rootObject = 287E07B12267F1ED004745EE /* Project object */;
}
