PODS:
  - KeychainSwift (13.0.0)

DEPENDENCIES:
  - KeychainSwift (~> 13.0)

SPEC REPOS:
  https://github.com/cocoapods/specs.git:
    - KeychainSwift

SPEC CHECKSUMS:
  KeychainSwift: 23d6c16cbc33f20fafa30c3d783241b4b87d998c

PODFILE CHECKSUM: 3318ed6a26181b04b6a2e32d7f2b473b885fefe7

COCOAPODS: 1.5.3
